// !$*UTF8*$!
{
	archiveVersion = 1;
	classes = {
	};
	objectVersion = 50;
	objects = {

/* Begin PBXBuildFile section */
		EDC0EE322236EBB60053F732 /* AppDelegate.swift in Sources */ = {isa = PBXBuildFile; fileRef = EDC0EE312236EBB60053F732 /* AppDelegate.swift */; };
		EDC0EE342236EBB60053F732 /* ViewController.swift in Sources */ = {isa = PBXBuildFile; fileRef = EDC0EE332236EBB60053F732 /* ViewController.swift */; };
		EDC0EE372236EBB60053F732 /* Main.storyboard in Resources */ = {isa = PBXBuildFile; fileRef = EDC0EE352236EBB60053F732 /* Main.storyboard */; };
		EDC0EE392236EBB70053F732 /* Assets.xcassets in Resources */ = {isa = PBXBuildFile; fileRef = EDC0EE382236EBB70053F732 /* Assets.xcassets */; };
		EDC0EE3C2236EBB70053F732 /* LaunchScreen.storyboard in Resources */ = {isa = PBXBuildFile; fileRef = EDC0EE3A2236EBB70053F732 /* LaunchScreen.storyboard */; };
		EDC0EE472236EBB70053F732 /* TriviaAppTests.swift in Sources */ = {isa = PBXBuildFile; fileRef = EDC0EE462236EBB70053F732 /* TriviaAppTests.swift */; };
		EDC0EE522236EBB70053F732 /* TriviaAppUITests.swift in Sources */ = {isa = PBXBuildFile; fileRef = EDC0EE512236EBB70053F732 /* TriviaAppUITests.swift */; };
		EDC0EE60223701FF0053F732 /* Question.swift in Sources */ = {isa = PBXBuildFile; fileRef = EDC0EE5F223701FF0053F732 /* Question.swift */; };
		EDC0EE62223703290053F732 /* QuestionBank.swift in Sources */ = {isa = PBXBuildFile; fileRef = EDC0EE61223703290053F732 /* QuestionBank.swift */; };
/* End PBXBuildFile section */

/* Begin PBXContainerItemProxy section */
		EDC0EE432236EBB70053F732 /* PBXContainerItemProxy */ = {
			isa = PBXContainerItemProxy;
			containerPortal = EDC0EE262236EBB60053F732 /* Project object */;
			proxyType = 1;
			remoteGlobalIDString = EDC0EE2D2236EBB60053F732;
			remoteInfo = TriviaApp;
		};
		EDC0EE4E2236EBB70053F732 /* PBXContainerItemProxy */ = {
			isa = PBXContainerItemProxy;
			containerPortal = EDC0EE262236EBB60053F732 /* Project object */;
			proxyType = 1;
			remoteGlobalIDString = EDC0EE2D2236EBB60053F732;
			remoteInfo = TriviaApp;
		};
/* End PBXContainerItemProxy section */

/* Begin PBXFileReference section */
		EDC0EE2E2236EBB60053F732 /* TriviaApp.app */ = {isa = PBXFileReference; explicitFileType = wrapper.application; includeInIndex = 0; path = TriviaApp.app; sourceTree = BUILT_PRODUCTS_DIR; };
		EDC0EE312236EBB60053F732 /* AppDelegate.swift */ = {isa = PBXFileReference; lastKnownFileType = sourcecode.swift; path = AppDelegate.swift; sourceTree = "<group>"; };
		EDC0EE332236EBB60053F732 /* ViewController.swift */ = {isa = PBXFileReference; lastKnownFileType = sourcecode.swift; path = ViewController.swift; sourceTree = "<group>"; };
		EDC0EE362236EBB60053F732 /* Base */ = {isa = PBXFileReference; lastKnownFileType = file.storyboard; name = Base; path = Base.lproj/Main.storyboard; sourceTree = "<group>"; };
		EDC0EE382236EBB70053F732 /* Assets.xcassets */ = {isa = PBXFileReference; lastKnownFileType = folder.assetcatalog; path = Assets.xcassets; sourceTree = "<group>"; };
		EDC0EE3B2236EBB70053F732 /* Base */ = {isa = PBXFileReference; lastKnownFileType = file.storyboard; name = Base; path = Base.lproj/LaunchScreen.storyboard; sourceTree = "<group>"; };
		EDC0EE3D2236EBB70053F732 /* Info.plist */ = {isa = PBXFileReference; lastKnownFileType = text.plist.xml; path = Info.plist; sourceTree = "<group>"; };
		EDC0EE422236EBB70053F732 /* TriviaAppTests.xctest */ = {isa = PBXFileReference; explicitFileType = wrapper.cfbundle; includeInIndex = 0; path = TriviaAppTests.xctest; sourceTree = BUILT_PRODUCTS_DIR; };
		EDC0EE462236EBB70053F732 /* TriviaAppTests.swift */ = {isa = PBXFileReference; lastKnownFileType = sourcecode.swift; path = TriviaAppTests.swift; sourceTree = "<group>"; };
		EDC0EE482236EBB70053F732 /* Info.plist */ = {isa = PBXFileReference; lastKnownFileType = text.plist.xml; path = Info.plist; sourceTree = "<group>"; };
		EDC0EE4D2236EBB70053F732 /* TriviaAppUITests.xctest */ = {isa = PBXFileReference; explicitFileType = wrapper.cfbundle; includeInIndex = 0; path = TriviaAppUITests.xctest; sourceTree = BUILT_PRODUCTS_DIR; };
		EDC0EE512236EBB70053F732 /* TriviaAppUITests.swift */ = {isa = PBXFileReference; lastKnownFileType = sourcecode.swift; path = TriviaAppUITests.swift; sourceTree = "<group>"; };
		EDC0EE532236EBB70053F732 /* Info.plist */ = {isa = PBXFileReference; lastKnownFileType = text.plist.xml; path = Info.plist; sourceTree = "<group>"; };
		EDC0EE5F223701FF0053F732 /* Question.swift */ = {isa = PBXFileReference; lastKnownFileType = sourcecode.swift; path = Question.swift; sourceTree = "<group>"; };
		EDC0EE61223703290053F732 /* QuestionBank.swift */ = {isa = PBXFileReference; lastKnownFileType = sourcecode.swift; path = QuestionBank.swift; sourceTree = "<group>"; };
/* End PBXFileReference section */

/* Begin PBXFrameworksBuildPhase section */
		EDC0EE2B2236EBB60053F732 /* Frameworks */ = {
			isa = PBXFrameworksBuildPhase;
			buildActionMask = 2147483647;
			files = (
			);
			runOnlyForDeploymentPostprocessing = 0;
		};
		EDC0EE3F2236EBB70053F732 /* Frameworks */ = {
			isa = PBXFrameworksBuildPhase;
			buildActionMask = 2147483647;
			files = (
			);
			runOnlyForDeploymentPostprocessing = 0;
		};
		EDC0EE4A2236EBB70053F732 /* Frameworks */ = {
			isa = PBXFrameworksBuildPhase;
			buildActionMask = 2147483647;
			files = (
			);
			runOnlyForDeploymentPostprocessing = 0;
		};
/* End PBXFrameworksBuildPhase section */

/* Begin PBXGroup section */
		EDC0EE252236EBB60053F732 = {
			isa = PBXGroup;
			children = (
				EDC0EE302236EBB60053F732 /* TriviaApp */,
				EDC0EE452236EBB70053F732 /* TriviaAppTests */,
				EDC0EE502236EBB70053F732 /* TriviaAppUITests */,
				EDC0EE2F2236EBB60053F732 /* Products */,
			);
			sourceTree = "<group>";
		};
		EDC0EE2F2236EBB60053F732 /* Products */ = {
			isa = PBXGroup;
			children = (
				EDC0EE2E2236EBB60053F732 /* TriviaApp.app */,
				EDC0EE422236EBB70053F732 /* TriviaAppTests.xctest */,
				EDC0EE4D2236EBB70053F732 /* TriviaAppUITests.xctest */,
			);
			name = Products;
			sourceTree = "<group>";
		};
		EDC0EE302236EBB60053F732 /* TriviaApp */ = {
			isa = PBXGroup;
			children = (
				EDC0EE312236EBB60053F732 /* AppDelegate.swift */,
				EDC0EE332236EBB60053F732 /* ViewController.swift */,
				EDC0EE352236EBB60053F732 /* Main.storyboard */,
				EDC0EE382236EBB70053F732 /* Assets.xcassets */,
				EDC0EE3A2236EBB70053F732 /* LaunchScreen.storyboard */,
				EDC0EE3D2236EBB70053F732 /* Info.plist */,
				EDC0EE5F223701FF0053F732 /* Question.swift */,
				EDC0EE61223703290053F732 /* QuestionBank.swift */,
			);
			path = TriviaApp;
			sourceTree = "<group>";
		};
		EDC0EE452236EBB70053F732 /* TriviaAppTests */ = {
			isa = PBXGroup;
			children = (
				EDC0EE462236EBB70053F732 /* TriviaAppTests.swift */,
				EDC0EE482236EBB70053F732 /* Info.plist */,
			);
			path = TriviaAppTests;
			sourceTree = "<group>";
		};
		EDC0EE502236EBB70053F732 /* TriviaAppUITests */ = {
			isa = PBXGroup;
			children = (
				EDC0EE512236EBB70053F732 /* TriviaAppUITests.swift */,
				EDC0EE532236EBB70053F732 /* Info.plist */,
			);
			path = TriviaAppUITests;
			sourceTree = "<group>";
		};
/* End PBXGroup section */

/* Begin PBXNativeTarget section */
		EDC0EE2D2236EBB60053F732 /* TriviaApp */ = {
			isa = PBXNativeTarget;
			buildConfigurationList = EDC0EE562236EBB70053F732 /* Build configuration list for PBXNativeTarget "TriviaApp" */;
			buildPhases = (
				EDC0EE2A2236EBB60053F732 /* Sources */,
				EDC0EE2B2236EBB60053F732 /* Frameworks */,
				EDC0EE2C2236EBB60053F732 /* Resources */,
			);
			buildRules = (
			);
			dependencies = (
			);
			name = TriviaApp;
			productName = TriviaApp;
			productReference = EDC0EE2E2236EBB60053F732 /* TriviaApp.app */;
			productType = "com.apple.product-type.application";
		};
		EDC0EE412236EBB70053F732 /* TriviaAppTests */ = {
			isa = PBXNativeTarget;
			buildConfigurationList = EDC0EE592236EBB70053F732 /* Build configuration list for PBXNativeTarget "TriviaAppTests" */;
			buildPhases = (
				EDC0EE3E2236EBB70053F732 /* Sources */,
				EDC0EE3F2236EBB70053F732 /* Frameworks */,
				EDC0EE402236EBB70053F732 /* Resources */,
			);
			buildRules = (
			);
			dependencies = (
				EDC0EE442236EBB70053F732 /* PBXTargetDependency */,
			);
			name = TriviaAppTests;
			productName = TriviaAppTests;
			productReference = EDC0EE422236EBB70053F732 /* TriviaAppTests.xctest */;
			productType = "com.apple.product-type.bundle.unit-test";
		};
		EDC0EE4C2236EBB70053F732 /* TriviaAppUITests */ = {
			isa = PBXNativeTarget;
			buildConfigurationList = EDC0EE5C2236EBB70053F732 /* Build configuration list for PBXNativeTarget "TriviaAppUITests" */;
			buildPhases = (
				EDC0EE492236EBB70053F732 /* Sources */,
				EDC0EE4A2236EBB70053F732 /* Frameworks */,
				EDC0EE4B2236EBB70053F732 /* Resources */,
			);
			buildRules = (
			);
			dependencies = (
				EDC0EE4F2236EBB70053F732 /* PBXTargetDependency */,
			);
			name = TriviaAppUITests;
			productName = TriviaAppUITests;
			productReference = EDC0EE4D2236EBB70053F732 /* TriviaAppUITests.xctest */;
			productType = "com.apple.product-type.bundle.ui-testing";
		};
/* End PBXNativeTarget section */

/* Begin PBXProject section */
		EDC0EE262236EBB60053F732 /* Project object */ = {
			isa = PBXProject;
			attributes = {
				LastSwiftUpdateCheck = 0940;
				LastUpgradeCheck = 0940;
				ORGANIZATIONNAME = "Teriyana Cohens";
				TargetAttributes = {
					EDC0EE2D2236EBB60053F732 = {
						CreatedOnToolsVersion = 9.4.1;
					};
					EDC0EE412236EBB70053F732 = {
						CreatedOnToolsVersion = 9.4.1;
						TestTargetID = EDC0EE2D2236EBB60053F732;
					};
					EDC0EE4C2236EBB70053F732 = {
						CreatedOnToolsVersion = 9.4.1;
						TestTargetID = EDC0EE2D2236EBB60053F732;
					};
				};
			};
			buildConfigurationList = EDC0EE292236EBB60053F732 /* Build configuration list for PBXProject "TriviaApp" */;
			compatibilityVersion = "Xcode 9.3";
			developmentRegion = en;
			hasScannedForEncodings = 0;
			knownRegions = (
				en,
				Base,
			);
			mainGroup = EDC0EE252236EBB60053F732;
			productRefGroup = EDC0EE2F2236EBB60053F732 /* Products */;
			projectDirPath = "";
			projectRoot = "";
			targets = (
				EDC0EE2D2236EBB60053F732 /* TriviaApp */,
				EDC0EE412236EBB70053F732 /* TriviaAppTests */,
				EDC0EE4C2236EBB70053F732 /* TriviaAppUITests */,
			);
		};
/* End PBXProject section */

/* Begin PBXResourcesBuildPhase section */
		EDC0EE2C2236EBB60053F732 /* Resources */ = {
			isa = PBXResourcesBuildPhase;
			buildActionMask = 2147483647;
			files = (
				EDC0EE3C2236EBB70053F732 /* LaunchScreen.storyboard in Resources */,
				EDC0EE392236EBB70053F732 /* Assets.xcassets in Resources */,
				EDC0EE372236EBB60053F732 /* Main.storyboard in Resources */,
			);
			runOnlyForDeploymentPostprocessing = 0;
		};
		EDC0EE402236EBB70053F732 /* Resources */ = {
			isa = PBXResourcesBuildPhase;
			buildActionMask = 2147483647;
			files = (
			);
			runOnlyForDeploymentPostprocessing = 0;
		};
		EDC0EE4B2236EBB70053F732 /* Resources */ = {
			isa = PBXResourcesBuildPhase;
			buildActionMask = 2147483647;
			files = (
			);
			runOnlyForDeploymentPostprocessing = 0;
		};
/* End PBXResourcesBuildPhase section */

/* Begin PBXSourcesBuildPhase section */
		EDC0EE2A2236EBB60053F732 /* Sources */ = {
			isa = PBXSourcesBuildPhase;
			buildActionMask = 2147483647;
			files = (
				EDC0EE60223701FF0053F732 /* Question.swift in Sources */,
				EDC0EE62223703290053F732 /* QuestionBank.swift in Sources */,
				EDC0EE342236EBB60053F732 /* ViewController.swift in Sources */,
				EDC0EE322236EBB60053F732 /* AppDelegate.swift in Sources */,
			);
			runOnlyForDeploymentPostprocessing = 0;
		};
		EDC0EE3E2236EBB70053F732 /* Sources */ = {
			isa = PBXSourcesBuildPhase;
			buildActionMask = 2147483647;
			files = (
				EDC0EE472236EBB70053F732 /* TriviaAppTests.swift in Sources */,
			);
			runOnlyForDeploymentPostprocessing = 0;
		};
		EDC0EE492236EBB70053F732 /* Sources */ = {
			isa = PBXSourcesBuildPhase;
			buildActionMask = 2147483647;
			files = (
				EDC0EE522236EBB70053F732 /* TriviaAppUITests.swift in Sources */,
			);
			runOnlyForDeploymentPostprocessing = 0;
		};
/* End PBXSourcesBuildPhase section */

/* Begin PBXTargetDependency section */
		EDC0EE442236EBB70053F732 /* PBXTargetDependency */ = {
			isa = PBXTargetDependency;
			target = EDC0EE2D2236EBB60053F732 /* TriviaApp */;
			targetProxy = EDC0EE432236EBB70053F732 /* PBXContainerItemProxy */;
		};
		EDC0EE4F2236EBB70053F732 /* PBXTargetDependency */ = {
			isa = PBXTargetDependency;
			target = EDC0EE2D2236EBB60053F732 /* TriviaApp */;
			targetProxy = EDC0EE4E2236EBB70053F732 /* PBXContainerItemProxy */;
		};
/* End PBXTargetDependency section */

/* Begin PBXVariantGroup section */
		EDC0EE352236EBB60053F732 /* Main.storyboard */ = {
			isa = PBXVariantGroup;
			children = (
				EDC0EE362236EBB60053F732 /* Base */,
			);
			name = Main.storyboard;
			sourceTree = "<group>";
		};
		EDC0EE3A2236EBB70053F732 /* LaunchScreen.storyboard */ = {
			isa = PBXVariantGroup;
			children = (
				EDC0EE3B2236EBB70053F732 /* Base */,
			);
			name = LaunchScreen.storyboard;
			sourceTree = "<group>";
		};
/* End PBXVariantGroup section */

/* Begin XCBuildConfiguration section */
		EDC0EE542236EBB70053F732 /* Debug */ = {
			isa = XCBuildConfiguration;
			buildSettings = {
				ALWAYS_SEARCH_USER_PATHS = NO;
				CLANG_ANALYZER_NONNULL = YES;
				CLANG_ANALYZER_NUMBER_OBJECT_CONVERSION = YES_AGGRESSIVE;
				CLANG_CXX_LANGUAGE_STANDARD = "gnu++14";
				CLANG_CXX_LIBRARY = "libc++";
				CLANG_ENABLE_MODULES = YES;
				CLANG_ENABLE_OBJC_ARC = YES;
				CLANG_ENABLE_OBJC_WEAK = YES;
				CLANG_WARN_BLOCK_CAPTURE_AUTORELEASING = YES;
				CLANG_WARN_BOOL_CONVERSION = YES;
				CLANG_WARN_COMMA = YES;
				CLANG_WARN_CONSTANT_CONVERSION = YES;
				CLANG_WARN_DEPRECATED_OBJC_IMPLEMENTATIONS = YES;
				CLANG_WARN_DIRECT_OBJC_ISA_USAGE = YES_ERROR;
				CLANG_WARN_DOCUMENTATION_COMMENTS = YES;
				CLANG_WARN_EMPTY_BODY = YES;
				CLANG_WARN_ENUM_CONVERSION = YES;
				CLANG_WARN_INFINITE_RECURSION = YES;
				CLANG_WARN_INT_CONVERSION = YES;
				CLANG_WARN_NON_LITERAL_NULL_CONVERSION = YES;
				CLANG_WARN_OBJC_IMPLICIT_RETAIN_SELF = YES;
				CLANG_WARN_OBJC_LITERAL_CONVERSION = YES;
				CLANG_WARN_OBJC_ROOT_CLASS = YES_ERROR;
				CLANG_WARN_RANGE_LOOP_ANALYSIS = YES;
				CLANG_WARN_STRICT_PROTOTYPES = YES;
				CLANG_WARN_SUSPICIOUS_MOVE = YES;
				CLANG_WARN_UNGUARDED_AVAILABILITY = YES_AGGRESSIVE;
				CLANG_WARN_UNREACHABLE_CODE = YES;
				CLANG_WARN__DUPLICATE_METHOD_MATCH = YES;
				CODE_SIGN_IDENTITY = "iPhone Developer";
				COPY_PHASE_STRIP = NO;
				DEBUG_INFORMATION_FORMAT = dwarf;
				ENABLE_STRICT_OBJC_MSGSEND = YES;
				ENABLE_TESTABILITY = YES;
				GCC_C_LANGUAGE_STANDARD = gnu11;
				GCC_DYNAMIC_NO_PIC = NO;
				GCC_NO_COMMON_BLOCKS = YES;
				GCC_OPTIMIZATION_LEVEL = 0;
				GCC_PREPROCESSOR_DEFINITIONS = (
					"DEBUG=1",
					"$(inherited)",
				);
				GCC_WARN_64_TO_32_BIT_CONVERSION = YES;
				GCC_WARN_ABOUT_RETURN_TYPE = YES_ERROR;
				GCC_WARN_UNDECLARED_SELECTOR = YES;
				GCC_WARN_UNINITIALIZED_AUTOS = YES_AGGRESSIVE;
				GCC_WARN_UNUSED_FUNCTION = YES;
				GCC_WARN_UNUSED_VARIABLE = YES;
				IPHONEOS_DEPLOYMENT_TARGET = 11.4;
				MTL_ENABLE_DEBUG_INFO = YES;
				ONLY_ACTIVE_ARCH = YES;
				SDKROOT = iphoneos;
				SWIFT_ACTIVE_COMPILATION_CONDITIONS = DEBUG;
				SWIFT_OPTIMIZATION_LEVEL = "-Onone";
			};
			name = Debug;
		};
		EDC0EE552236EBB70053F732 /* Release */ = {
			isa = XCBuildConfiguration;
			buildSettings = {
				ALWAYS_SEARCH_USER_PATHS = NO;
				CLANG_ANALYZER_NONNULL = YES;
				CLANG_ANALYZER_NUMBER_OBJECT_CONVERSION = YES_AGGRESSIVE;
				CLANG_CXX_LANGUAGE_STANDARD = "gnu++14";
				CLANG_CXX_LIBRARY = "libc++";
				CLANG_ENABLE_MODULES = YES;
				CLANG_ENABLE_OBJC_ARC = YES;
				CLANG_ENABLE_OBJC_WEAK = YES;
				CLANG_WARN_BLOCK_CAPTURE_AUTORELEASING = YES;
				CLANG_WARN_BOOL_CONVERSION = YES;
				CLANG_WARN_COMMA = YES;
				CLANG_WARN_CONSTANT_CONVERSION = YES;
				CLANG_WARN_DEPRECATED_OBJC_IMPLEMENTATIONS = YES;
				CLANG_WARN_DIRECT_OBJC_ISA_USAGE = YES_ERROR;
				CLANG_WARN_DOCUMENTATION_COMMENTS = YES;
				CLANG_WARN_EMPTY_BODY = YES;
				CLANG_WARN_ENUM_CONVERSION = YES;
				CLANG_WARN_INFINITE_RECURSION = YES;
				CLANG_WARN_INT_CONVERSION = YES;
				CLANG_WARN_NON_LITERAL_NULL_CONVERSION = YES;
				CLANG_WARN_OBJC_IMPLICIT_RETAIN_SELF = YES;
				CLANG_WARN_OBJC_LITERAL_CONVERSION = YES;
				CLANG_WARN_OBJC_ROOT_CLASS = YES_ERROR;
				CLANG_WARN_RANGE_LOOP_ANALYSIS = YES;
				CLANG_WARN_STRICT_PROTOTYPES = YES;
				CLANG_WARN_SUSPICIOUS_MOVE = YES;
				CLANG_WARN_UNGUARDED_AVAILABILITY = YES_AGGRESSIVE;
				CLANG_WARN_UNREACHABLE_CODE = YES;
				CLANG_WARN__DUPLICATE_METHOD_MATCH = YES;
				CODE_SIGN_IDENTITY = "iPhone Developer";
				COPY_PHASE_STRIP = NO;
				DEBUG_INFORMATION_FORMAT = "dwarf-with-dsym";
				ENABLE_NS_ASSERTIONS = NO;
				ENABLE_STRICT_OBJC_MSGSEND = YES;
				GCC_C_LANGUAGE_STANDARD = gnu11;
				GCC_NO_COMMON_BLOCKS = YES;
				GCC_WARN_64_TO_32_BIT_CONVERSION = YES;
				GCC_WARN_ABOUT_RETURN_TYPE = YES_ERROR;
				GCC_WARN_UNDECLARED_SELECTOR = YES;
				GCC_WARN_UNINITIALIZED_AUTOS = YES_AGGRESSIVE;
				GCC_WARN_UNUSED_FUNCTION = YES;
				GCC_WARN_UNUSED_VARIABLE = YES;
				IPHONEOS_DEPLOYMENT_TARGET = 11.4;
				MTL_ENABLE_DEBUG_INFO = NO;
				SDKROOT = iphoneos;
				SWIFT_COMPILATION_MODE = wholemodule;
				SWIFT_OPTIMIZATION_LEVEL = "-O";
				VALIDATE_PRODUCT = YES;
			};
			name = Release;
		};
		EDC0EE572236EBB70053F732 /* Debug */ = {
			isa = XCBuildConfiguration;
			buildSettings = {
				ASSETCATALOG_COMPILER_APPICON_NAME = AppIcon;
				CODE_SIGN_STYLE = Automatic;
				INFOPLIST_FILE = TriviaApp/Info.plist;
				LD_RUNPATH_SEARCH_PATHS = (
					"$(inherited)",
					"@executable_path/Frameworks",
				);
				PRODUCT_BUNDLE_IDENTIFIER = com.teri.TriviaApp;
				PRODUCT_NAME = "$(TARGET_NAME)";
				SWIFT_VERSION = 4.0;
				TARGETED_DEVICE_FAMILY = "1,2";
			};
			name = Debug;
		};
		EDC0EE582236EBB70053F732 /* Release */ = {
			isa = XCBuildConfiguration;
			buildSettings = {
				ASSETCATALOG_COMPILER_APPICON_NAME = AppIcon;
				CODE_SIGN_STYLE = Automatic;
				INFOPLIST_FILE = TriviaApp/Info.plist;
				LD_RUNPATH_SEARCH_PATHS = (
					"$(inherited)",
					"@executable_path/Frameworks",
				);
				PRODUCT_BUNDLE_IDENTIFIER = com.teri.TriviaApp;
				PRODUCT_NAME = "$(TARGET_NAME)";
				SWIFT_VERSION = 4.0;
				TARGETED_DEVICE_FAMILY = "1,2";
			};
			name = Release;
		};
		EDC0EE5A2236EBB70053F732 /* Debug */ = {
			isa = XCBuildConfiguration;
			buildSettings = {
				ALWAYS_EMBED_SWIFT_STANDARD_LIBRARIES = YES;
				BUNDLE_LOADER = "$(TEST_HOST)";
				CODE_SIGN_STYLE = Automatic;
				INFOPLIST_FILE = TriviaAppTests/Info.plist;
				LD_RUNPATH_SEARCH_PATHS = (
					"$(inherited)",
					"@executable_path/Frameworks",
					"@loader_path/Frameworks",
				);
				PRODUCT_BUNDLE_IDENTIFIER = com.teri.TriviaAppTests;
				PRODUCT_NAME = "$(TARGET_NAME)";
				SWIFT_VERSION = 4.0;
				TARGETED_DEVICE_FAMILY = "1,2";
				TEST_HOST = "$(BUILT_PRODUCTS_DIR)/TriviaApp.app/TriviaApp";
			};
			name = Debug;
		};
		EDC0EE5B2236EBB70053F732 /* Release */ = {
			isa = XCBuildConfiguration;
			buildSettings = {
				ALWAYS_EMBED_SWIFT_STANDARD_LIBRARIES = YES;
				BUNDLE_LOADER = "$(TEST_HOST)";
				CODE_SIGN_STYLE = Automatic;
				INFOPLIST_FILE = TriviaAppTests/Info.plist;
				LD_RUNPATH_SEARCH_PATHS = (
					"$(inherited)",
					"@executable_path/Frameworks",
					"@loader_path/Frameworks",
				);
				PRODUCT_BUNDLE_IDENTIFIER = com.teri.TriviaAppTests;
				PRODUCT_NAME = "$(TARGET_NAME)";
				SWIFT_VERSION = 4.0;
				TARGETED_DEVICE_FAMILY = "1,2";
				TEST_HOST = "$(BUILT_PRODUCTS_DIR)/TriviaApp.app/TriviaApp";
			};
			name = Release;
		};
		EDC0EE5D2236EBB70053F732 /* Debug */ = {
			isa = XCBuildConfiguration;
			buildSettings = {
				ALWAYS_EMBED_SWIFT_STANDARD_LIBRARIES = YES;
				CODE_SIGN_STYLE = Automatic;
				INFOPLIST_FILE = TriviaAppUITests/Info.plist;
				LD_RUNPATH_SEARCH_PATHS = (
					"$(inherited)",
					"@executable_path/Frameworks",
					"@loader_path/Frameworks",
				);
				PRODUCT_BUNDLE_IDENTIFIER = com.teri.TriviaAppUITests;
				PRODUCT_NAME = "$(TARGET_NAME)";
				SWIFT_VERSION = 4.0;
				TARGETED_DEVICE_FAMILY = "1,2";
				TEST_TARGET_NAME = TriviaApp;
			};
			name = Debug;
		};
		EDC0EE5E2236EBB70053F732 /* Release */ = {
			isa = XCBuildConfiguration;
			buildSettings = {
				ALWAYS_EMBED_SWIFT_STANDARD_LIBRARIES = YES;
				CODE_SIGN_STYLE = Automatic;
				INFOPLIST_FILE = TriviaAppUITests/Info.plist;
				LD_RUNPATH_SEARCH_PATHS = (
					"$(inherited)",
					"@executable_path/Frameworks",
					"@loader_path/Frameworks",
				);
				PRODUCT_BUNDLE_IDENTIFIER = com.teri.TriviaAppUITests;
				PRODUCT_NAME = "$(TARGET_NAME)";
				SWIFT_VERSION = 4.0;
				TARGETED_DEVICE_FAMILY = "1,2";
				TEST_TARGET_NAME = TriviaApp;
			};
			name = Release;
		};
/* End XCBuildConfiguration section */

/* Begin XCConfigurationList section */
		EDC0EE292236EBB60053F732 /* Build configuration list for PBXProject "TriviaApp" */ = {
			isa = XCConfigurationList;
			buildConfigurations = (
				EDC0EE542236EBB70053F732 /* Debug */,
				EDC0EE552236EBB70053F732 /* Release */,
			);
			defaultConfigurationIsVisible = 0;
			defaultConfigurationName = Release;
		};
		EDC0EE562236EBB70053F732 /* Build configuration list for PBXNativeTarget "TriviaApp" */ = {
			isa = XCConfigurationList;
			buildConfigurations = (
				EDC0EE572236EBB70053F732 /* Debug */,
				EDC0EE582236EBB70053F732 /* Release */,
			);
			defaultConfigurationIsVisible = 0;
			defaultConfigurationName = Release;
		};
		EDC0EE592236EBB70053F732 /* Build configuration list for PBXNativeTarget "TriviaAppTests" */ = {
			isa = XCConfigurationList;
			buildConfigurations = (
				EDC0EE5A2236EBB70053F732 /* Debug */,
				EDC0EE5B2236EBB70053F732 /* Release */,
			);
			defaultConfigurationIsVisible = 0;
			defaultConfigurationName = Release;
		};
		EDC0EE5C2236EBB70053F732 /* Build configuration list for PBXNativeTarget "TriviaAppUITests" */ = {
			isa = XCConfigurationList;
			buildConfigurations = (
				EDC0EE5D2236EBB70053F732 /* Debug */,
				EDC0EE5E2236EBB70053F732 /* Release */,
			);
			defaultConfigurationIsVisible = 0;
			defaultConfigurationName = Release;
		};
/* End XCConfigurationList section */
	};
	rootObject = EDC0EE262236EBB60053F732 /* Project object */;
}
